
Microsoft Visual Studio Solution File, Format Version 12.00
# Visual Studio Version 17
VisualStudioVersion = 17.5.33627.172
MinimumVisualStudioVersion = 10.0.40219.1
Project("{9A19103F-16F7-4668-BE54-9A1E7A4F7556}") = "F12XA6_SOF_2023241.Webapp", "F12XA6_SOF_2023241.Webapp\F12XA6_SOF_2023241.Webapp.csproj", "{591F518F-D416-4523-BD3F-324F4A10C4EE}"
EndProject
Project("{FAE04EC0-301F-11D3-BF4B-00C04F79EFBC}") = "F12XA6_SOF_2023241.Logic", "F12XA6_SOF_2023241.Logic\F12XA6_SOF_2023241.Logic.csproj", "{211AD158-0E42-49DA-AA3A-E49D6D1D4DBF}"
EndProject
Project("{FAE04EC0-301F-11D3-BF4B-00C04F79EFBC}") = "F12XA6_SOF_2023241.Models", "F12XA6_SOF_2023241.Models\F12XA6_SOF_2023241.Models.csproj", "{4DF6A3E2-EB88-498B-8CEA-53495FBF58E4}"
EndProject
Project("{FAE04EC0-301F-11D3-BF4B-00C04F79EFBC}") = "F12XA6_SOF_2023241.Repository", "F12XA6_SOF_2023241.Repository\F12XA6_SOF_2023241.Repository.csproj", "{22F29E2F-259F-4A1F-A15C-FF8255552AC1}"
EndProject
Global
	GlobalSection(SolutionConfigurationPlatforms) = preSolution
		Debug|Any CPU = Debug|Any CPU
		Release|Any CPU = Release|Any CPU
	EndGlobalSection
	GlobalSection(ProjectConfigurationPlatforms) = postSolution
		{591F518F-D416-4523-BD3F-324F4A10C4EE}.Debug|Any CPU.ActiveCfg = Debug|Any CPU
		{591F518F-D416-4523-BD3F-324F4A10C4EE}.Debug|Any CPU.Build.0 = Debug|Any CPU
		{591F518F-D416-4523-BD3F-324F4A10C4EE}.Release|Any CPU.ActiveCfg = Release|Any CPU
		{591F518F-D416-4523-BD3F-324F4A10C4EE}.Release|Any CPU.Build.0 = Release|Any CPU
		{211AD158-0E42-49DA-AA3A-E49D6D1D4DBF}.Debug|Any CPU.ActiveCfg = Debug|Any CPU
		{211AD158-0E42-49DA-AA3A-E49D6D1D4DBF}.Debug|Any CPU.Build.0 = Debug|Any CPU
		{211AD158-0E42-49DA-AA3A-E49D6D1D4DBF}.Release|Any CPU.ActiveCfg = Release|Any CPU
		{211AD158-0E42-49DA-AA3A-E49D6D1D4DBF}.Release|Any CPU.Build.0 = Release|Any CPU
		{4DF6A3E2-EB88-498B-8CEA-53495FBF58E4}.Debug|Any CPU.ActiveCfg = Debug|Any CPU
		{4DF6A3E2-EB88-498B-8CEA-53495FBF58E4}.Debug|Any CPU.Build.0 = Debug|Any CPU
		{4DF6A3E2-EB88-498B-8CEA-53495FBF58E4}.Release|Any CPU.ActiveCfg = Release|Any CPU
		{4DF6A3E2-EB88-498B-8CEA-53495FBF58E4}.Release|Any CPU.Build.0 = Release|Any CPU
		{22F29E2F-259F-4A1F-A15C-FF8255552AC1}.Debug|Any CPU.ActiveCfg = Debug|Any CPU
		{22F29E2F-259F-4A1F-A15C-FF8255552AC1}.Debug|Any CPU.Build.0 = Debug|Any CPU
		{22F29E2F-259F-4A1F-A15C-FF8255552AC1}.Release|Any CPU.ActiveCfg = Release|Any CPU
		{22F29E2F-259F-4A1F-A15C-FF8255552AC1}.Release|Any CPU.Build.0 = Release|Any CPU
	EndGlobalSection
	GlobalSection(SolutionProperties) = preSolution
		HideSolutionNode = FALSE
	EndGlobalSection
	GlobalSection(ExtensibilityGlobals) = postSolution
		SolutionGuid = {87B3E744-C1D1-4C98-BD91-D8DC21464388}
	EndGlobalSection
EndGlobal
