
Microsoft Visual Studio Solution File, Format Version 12.00
# Visual Studio Version 17
VisualStudioVersion = 17.5.33627.172
MinimumVisualStudioVersion = 10.0.40219.1
Project("{9A19103F-16F7-4668-BE54-9A1E7A4F7556}") = "F12XA6_SOF_2023241.Webaadfapp", "F12XA6_SOF_2023241.Webapp\F12XA6_SOF_2023241.Webaadfapp.csproj", "{591F518F-D416-4523-BD3F-324F4A10C4EE}"
EndProject
Project("{9A19103F-16F7-4668-BE54-9A1E7A4F7556}") = "F12XA6_SOF_2023241.Logic", "F12XA6_SOF_2023241.Logic\F12XA6_SOF_2023241.Logic.csproj", "{4231D051-EE1E-4C11-8141-3BDDB1BB4908}"
EndProject
Project("{9A19103F-16F7-4668-BE54-9A1E7A4F7556}") = "F12XA6_SOF_2023241.Repository", "F12XA6_SOF_2023241.Repository\F12XA6_SOF_2023241.Repository.csproj", "{0E729A2C-12C6-4F5B-8AA3-AB284E731197}"
EndProject
Project("{9A19103F-16F7-4668-BE54-9A1E7A4F7556}") = "F12XA6_SOF_2023241.Models", "F12XA6_SOF_2023241.Models\F12XA6_SOF_2023241.Models.csproj", "{861079C4-4ECA-4779-8402-F2643DEE793D}"
EndProject
Project("{FAE04EC0-301F-11D3-BF4B-00C04F79EFBC}") = "F12XA6_SOF_2023241.Webapp", "F12XA6_SOF_2023241.Webapp\F12XA6_SOF_2023241.Webapp.csproj", "{50CC7EB8-48AC-44D6-81A8-5D1809887A0F}"
EndProject
Global
	GlobalSection(SolutionConfigurationPlatforms) = preSolution
		Debug|Any CPU = Debug|Any CPU
		Release|Any CPU = Release|Any CPU
	EndGlobalSection
	GlobalSection(ProjectConfigurationPlatforms) = postSolution
		{591F518F-D416-4523-BD3F-324F4A10C4EE}.Debug|Any CPU.ActiveCfg = Debug|Any CPU
		{591F518F-D416-4523-BD3F-324F4A10C4EE}.Debug|Any CPU.Build.0 = Debug|Any CPU
		{591F518F-D416-4523-BD3F-324F4A10C4EE}.Release|Any CPU.ActiveCfg = Release|Any CPU
		{591F518F-D416-4523-BD3F-324F4A10C4EE}.Release|Any CPU.Build.0 = Release|Any CPU
		{4231D051-EE1E-4C11-8141-3BDDB1BB4908}.Debug|Any CPU.ActiveCfg = Debug|Any CPU
		{4231D051-EE1E-4C11-8141-3BDDB1BB4908}.Debug|Any CPU.Build.0 = Debug|Any CPU
		{4231D051-EE1E-4C11-8141-3BDDB1BB4908}.Release|Any CPU.ActiveCfg = Release|Any CPU
		{4231D051-EE1E-4C11-8141-3BDDB1BB4908}.Release|Any CPU.Build.0 = Release|Any CPU
		{0E729A2C-12C6-4F5B-8AA3-AB284E731197}.Debug|Any CPU.ActiveCfg = Debug|Any CPU
		{0E729A2C-12C6-4F5B-8AA3-AB284E731197}.Debug|Any CPU.Build.0 = Debug|Any CPU
		{0E729A2C-12C6-4F5B-8AA3-AB284E731197}.Release|Any CPU.ActiveCfg = Release|Any CPU
		{0E729A2C-12C6-4F5B-8AA3-AB284E731197}.Release|Any CPU.Build.0 = Release|Any CPU
		{861079C4-4ECA-4779-8402-F2643DEE793D}.Debug|Any CPU.ActiveCfg = Debug|Any CPU
		{861079C4-4ECA-4779-8402-F2643DEE793D}.Debug|Any CPU.Build.0 = Debug|Any CPU
		{861079C4-4ECA-4779-8402-F2643DEE793D}.Release|Any CPU.ActiveCfg = Release|Any CPU
		{861079C4-4ECA-4779-8402-F2643DEE793D}.Release|Any CPU.Build.0 = Release|Any CPU
		{50CC7EB8-48AC-44D6-81A8-5D1809887A0F}.Debug|Any CPU.ActiveCfg = Debug|Any CPU
		{50CC7EB8-48AC-44D6-81A8-5D1809887A0F}.Debug|Any CPU.Build.0 = Debug|Any CPU
		{50CC7EB8-48AC-44D6-81A8-5D1809887A0F}.Release|Any CPU.ActiveCfg = Release|Any CPU
		{50CC7EB8-48AC-44D6-81A8-5D1809887A0F}.Release|Any CPU.Build.0 = Release|Any CPU
	EndGlobalSection
	GlobalSection(SolutionProperties) = preSolution
		HideSolutionNode = FALSE
	EndGlobalSection
	GlobalSection(ExtensibilityGlobals) = postSolution
		SolutionGuid = {87B3E744-C1D1-4C98-BD91-D8DC21464388}
	EndGlobalSection
EndGlobal
